
Microsoft Visual Studio Solution File, Format Version 12.00
# Visual Studio Version 16
VisualStudioVersion = 16.0.31729.503
MinimumVisualStudioVersion = 10.0.40219.1
Project("{FAE04EC0-301F-11D3-BF4B-00C04F79EFBC}") = "HamimiProofei", "HamimiProofei.csproj", "{CA869D78-1E27-4A39-8834-FAB0894C54EF}"
EndProject
Global
	GlobalSection(SolutionConfigurationPlatforms) = preSolution
		Debug|Any CPU = Debug|Any CPU
		Release|Any CPU = Release|Any CPU
	EndGlobalSection
	GlobalSection(ProjectConfigurationPlatforms) = postSolution
		{CA869D78-1E27-4A39-8834-FAB0894C54EF}.Debug|Any CPU.ActiveCfg = Debug|Any CPU
		{CA869D78-1E27-4A39-8834-FAB0894C54EF}.Debug|Any CPU.Build.0 = Debug|Any CPU
		{CA869D78-1E27-4A39-8834-FAB0894C54EF}.Release|Any CPU.ActiveCfg = Release|Any CPU
		{CA869D78-1E27-4A39-8834-FAB0894C54EF}.Release|Any CPU.Build.0 = Release|Any CPU
	EndGlobalSection
	GlobalSection(SolutionProperties) = preSolution
		HideSolutionNode = FALSE
	EndGlobalSection
	GlobalSection(ExtensibilityGlobals) = postSolution
		SolutionGuid = {68713786-B408-47D2-B773-0156A5146B24}
	EndGlobalSection
EndGlobal
